
Microsoft Visual Studio Solution File, Format Version 12.00
# Visual Studio Version 17
VisualStudioVersion = 17.4.33213.308
MinimumVisualStudioVersion = 10.0.40219.1
Project("{FAE04EC0-301F-11D3-BF4B-00C04F79EFBC}") = "AntiInvokePatcher", "AntiInvokePatcher.csproj", "{C357A436-2B94-4F33-AD58-59D70AAE841E}"
EndProject
Global
	GlobalSection(SolutionConfigurationPlatforms) = preSolution
		Debug|Any CPU = Debug|Any CPU
		Debug|x64 = Debug|x64
		Release|Any CPU = Release|Any CPU
		Release|x64 = Release|x64
	EndGlobalSection
	GlobalSection(ProjectConfigurationPlatforms) = postSolution
		{C357A436-2B94-4F33-AD58-59D70AAE841E}.Debug|Any CPU.ActiveCfg = Debug|Any CPU
		{C357A436-2B94-4F33-AD58-59D70AAE841E}.Debug|Any CPU.Build.0 = Debug|Any CPU
		{C357A436-2B94-4F33-AD58-59D70AAE841E}.Debug|x64.ActiveCfg = Debug|Any CPU
		{C357A436-2B94-4F33-AD58-59D70AAE841E}.Debug|x64.Build.0 = Debug|Any CPU
		{C357A436-2B94-4F33-AD58-59D70AAE841E}.Release|Any CPU.ActiveCfg = Release|Any CPU
		{C357A436-2B94-4F33-AD58-59D70AAE841E}.Release|Any CPU.Build.0 = Release|Any CPU
		{C357A436-2B94-4F33-AD58-59D70AAE841E}.Release|x64.ActiveCfg = Release|Any CPU
		{C357A436-2B94-4F33-AD58-59D70AAE841E}.Release|x64.Build.0 = Release|Any CPU
	EndGlobalSection
	GlobalSection(SolutionProperties) = preSolution
		HideSolutionNode = FALSE
	EndGlobalSection
	GlobalSection(ExtensibilityGlobals) = postSolution
		SolutionGuid = {B33184DF-74EF-4ACC-9C5B-16DBB95309C6}
	EndGlobalSection
EndGlobal
